
Microsoft Visual Studio Solution File, Format Version 12.00
# Visual Studio 14
VisualStudioVersion = 14.0.25420.1
MinimumVisualStudioVersion = 10.0.40219.1
Project("{9092AA53-FB77-4645-B42D-1CCCA6BD08BD}") = "lab1", "lab1\lab1.njsproj", "{3E758CB1-77B2-4F06-A899-7A0023E1E692}"
EndProject
Project("{9092AA53-FB77-4645-B42D-1CCCA6BD08BD}") = "WebJob", "WebJob\WebJob.njsproj", "{A5A7BDA7-6871-43CC-8DF2-CDC86B193EDF}"
EndProject
Global
	GlobalSection(SolutionConfigurationPlatforms) = preSolution
		Debug|Any CPU = Debug|Any CPU
		Release|Any CPU = Release|Any CPU
	EndGlobalSection
	GlobalSection(ProjectConfigurationPlatforms) = postSolution
		{3E758CB1-77B2-4F06-A899-7A0023E1E692}.Debug|Any CPU.ActiveCfg = Debug|Any CPU
		{3E758CB1-77B2-4F06-A899-7A0023E1E692}.Debug|Any CPU.Build.0 = Debug|Any CPU
		{3E758CB1-77B2-4F06-A899-7A0023E1E692}.Release|Any CPU.ActiveCfg = Release|Any CPU
		{3E758CB1-77B2-4F06-A899-7A0023E1E692}.Release|Any CPU.Build.0 = Release|Any CPU
		{A5A7BDA7-6871-43CC-8DF2-CDC86B193EDF}.Debug|Any CPU.ActiveCfg = Debug|Any CPU
		{A5A7BDA7-6871-43CC-8DF2-CDC86B193EDF}.Debug|Any CPU.Build.0 = Debug|Any CPU
		{A5A7BDA7-6871-43CC-8DF2-CDC86B193EDF}.Release|Any CPU.ActiveCfg = Release|Any CPU
		{A5A7BDA7-6871-43CC-8DF2-CDC86B193EDF}.Release|Any CPU.Build.0 = Release|Any CPU
	EndGlobalSection
	GlobalSection(SolutionProperties) = preSolution
		HideSolutionNode = FALSE
	EndGlobalSection
EndGlobal
